// !$*UTF8*$!
{
	archiveVersion = 1;
	classes = {
	};
	objectVersion = 50;
	objects = {

/* Begin PBXBuildFile section */
		B938255B26E337710013F111 /* Mesh.cpp in Sources */ = {isa = PBXBuildFile; fileRef = B938255A26E337710013F111 /* Mesh.cpp */; };
		B938255E26E3B0AF0013F111 /* Shader.cpp in Sources */ = {isa = PBXBuildFile; fileRef = B938255D26E3B0AF0013F111 /* Shader.cpp */; };
		B938256426E3BE850013F111 /* Window.cpp in Sources */ = {isa = PBXBuildFile; fileRef = B938256326E3BE850013F111 /* Window.cpp */; };
		B964EB8B26B6CF1200DD54AA /* OpenGL.framework in Frameworks */ = {isa = PBXBuildFile; fileRef = B964EB8A26B6CF1200DD54AA /* OpenGL.framework */; };
		B964EB9326B6CF9A00DD54AA /* main.cpp in Sources */ = {isa = PBXBuildFile; fileRef = B964EB9126B6CF9A00DD54AA /* main.cpp */; };
		B98581D42774187D004B0783 /* Camera.cpp in Sources */ = {isa = PBXBuildFile; fileRef = B98581D22774187D004B0783 /* Camera.cpp */; };
		B98581DC2775B2B6004B0783 /* Texture.cpp in Sources */ = {isa = PBXBuildFile; fileRef = B98581DB2775B2B6004B0783 /* Texture.cpp */; };
		B9CB71402773193500DFD0D0 /* libglfw.3.3.dylib in Frameworks */ = {isa = PBXBuildFile; fileRef = B9CB713F2773193500DFD0D0 /* libglfw.3.3.dylib */; };
		B9CB71412773195900DFD0D0 /* libGLEW.2.2.0.dylib in Frameworks */ = {isa = PBXBuildFile; fileRef = B964EB8826B6CF0C00DD54AA /* libGLEW.2.2.0.dylib */; };
		B9F4EAE627795F2F005B4630 /* Light.cpp in Sources */ = {isa = PBXBuildFile; fileRef = B9F4EAE527795F2F005B4630 /* Light.cpp */; };
/* End PBXBuildFile section */

/* Begin PBXCopyFilesBuildPhase section */
		B964EB7B26B6CEE000DD54AA /* CopyFiles */ = {
			isa = PBXCopyFilesBuildPhase;
			buildActionMask = 2147483647;
			dstPath = /usr/share/man/man1/;
			dstSubfolderSpec = 0;
			files = (
			);
			runOnlyForDeploymentPostprocessing = 1;
		};
/* End PBXCopyFilesBuildPhase section */

/* Begin PBXFileReference section */
		B938255A26E337710013F111 /* Mesh.cpp */ = {isa = PBXFileReference; lastKnownFileType = sourcecode.cpp.cpp; path = Mesh.cpp; sourceTree = "<group>"; };
		B938255C26E3377C0013F111 /* Mesh.h */ = {isa = PBXFileReference; lastKnownFileType = sourcecode.c.h; path = Mesh.h; sourceTree = "<group>"; };
		B938255D26E3B0AF0013F111 /* Shader.cpp */ = {isa = PBXFileReference; lastKnownFileType = sourcecode.cpp.cpp; path = Shader.cpp; sourceTree = "<group>"; };
		B938255F26E3B1B80013F111 /* Shader.h */ = {isa = PBXFileReference; lastKnownFileType = sourcecode.c.h; path = Shader.h; sourceTree = "<group>"; };
		B938256126E3B9060013F111 /* shader.frag */ = {isa = PBXFileReference; lastKnownFileType = sourcecode.glsl; path = shader.frag; sourceTree = "<group>"; };
		B938256226E3B9150013F111 /* shader.vert */ = {isa = PBXFileReference; lastKnownFileType = sourcecode.glsl; path = shader.vert; sourceTree = "<group>"; };
		B938256326E3BE850013F111 /* Window.cpp */ = {isa = PBXFileReference; lastKnownFileType = sourcecode.cpp.cpp; path = Window.cpp; sourceTree = "<group>"; };
		B938256526E3BE940013F111 /* Window.h */ = {isa = PBXFileReference; lastKnownFileType = sourcecode.c.h; path = Window.h; sourceTree = "<group>"; };
		B964EB7D26B6CEE000DD54AA /* OpenGLTriangle */ = {isa = PBXFileReference; explicitFileType = "compiled.mach-o.executable"; includeInIndex = 0; path = OpenGLTriangle; sourceTree = BUILT_PRODUCTS_DIR; };
		B964EB8826B6CF0C00DD54AA /* libGLEW.2.2.0.dylib */ = {isa = PBXFileReference; lastKnownFileType = "compiled.mach-o.dylib"; name = libGLEW.2.2.0.dylib; path = ../../../../opt/homebrew/Cellar/glew/2.2.0_1/lib/libGLEW.2.2.0.dylib; sourceTree = "<group>"; };
		B964EB8A26B6CF1200DD54AA /* OpenGL.framework */ = {isa = PBXFileReference; lastKnownFileType = wrapper.framework; name = OpenGL.framework; path = System/Library/Frameworks/OpenGL.framework; sourceTree = SDKROOT; };
		B964EB8C26B6CF1F00DD54AA /* libglfw.3.3.dylib */ = {isa = PBXFileReference; lastKnownFileType = "compiled.mach-o.dylib"; name = libglfw.3.3.dylib; path = ../../../../opt/homebrew/Cellar/glfw/3.3.4/lib/libglfw.3.3.dylib; sourceTree = "<group>"; };
		B964EB9126B6CF9A00DD54AA /* main.cpp */ = {isa = PBXFileReference; lastKnownFileType = sourcecode.cpp.cpp; path = main.cpp; sourceTree = "<group>"; };
		B98581D22774187D004B0783 /* Camera.cpp */ = {isa = PBXFileReference; lastKnownFileType = sourcecode.cpp.cpp; path = Camera.cpp; sourceTree = "<group>"; };
		B98581D927741BB4004B0783 /* Camera.h */ = {isa = PBXFileReference; lastKnownFileType = sourcecode.c.h; path = Camera.h; sourceTree = "<group>"; };
		B98581DA2775B253004B0783 /* stb_image.h */ = {isa = PBXFileReference; lastKnownFileType = sourcecode.c.h; path = stb_image.h; sourceTree = "<group>"; };
		B98581DB2775B2B6004B0783 /* Texture.cpp */ = {isa = PBXFileReference; lastKnownFileType = sourcecode.cpp.cpp; path = Texture.cpp; sourceTree = "<group>"; };
		B98581DD2775B2C4004B0783 /* Texture.h */ = {isa = PBXFileReference; lastKnownFileType = sourcecode.c.h; path = Texture.h; sourceTree = "<group>"; };
		B9CB713F2773193500DFD0D0 /* libglfw.3.3.dylib */ = {isa = PBXFileReference; lastKnownFileType = "compiled.mach-o.dylib"; name = libglfw.3.3.dylib; path = ../../../../opt/homebrew/Cellar/glfw/3.3.6/lib/libglfw.3.3.dylib; sourceTree = "<group>"; };
		B9F4EAE527795F2F005B4630 /* Light.cpp */ = {isa = PBXFileReference; lastKnownFileType = sourcecode.cpp.cpp; path = Light.cpp; sourceTree = "<group>"; };
		B9F4EAE727795F38005B4630 /* Light.h */ = {isa = PBXFileReference; lastKnownFileType = sourcecode.c.h; path = Light.h; sourceTree = "<group>"; };
/* End PBXFileReference section */

/* Begin PBXFrameworksBuildPhase section */
		B964EB7A26B6CEE000DD54AA /* Frameworks */ = {
			isa = PBXFrameworksBuildPhase;
			buildActionMask = 2147483647;
			files = (
				B9CB71412773195900DFD0D0 /* libGLEW.2.2.0.dylib in Frameworks */,
				B9CB71402773193500DFD0D0 /* libglfw.3.3.dylib in Frameworks */,
				B964EB8B26B6CF1200DD54AA /* OpenGL.framework in Frameworks */,
			);
			runOnlyForDeploymentPostprocessing = 0;
		};
/* End PBXFrameworksBuildPhase section */

/* Begin PBXGroup section */
		B938256026E3B8D40013F111 /* Shaders */ = {
			isa = PBXGroup;
			children = (
				B938256126E3B9060013F111 /* shader.frag */,
				B938256226E3B9150013F111 /* shader.vert */,
			);
			path = Shaders;
			sourceTree = "<group>";
		};
		B964EB7426B6CEE000DD54AA = {
			isa = PBXGroup;
			children = (
				B964EB7F26B6CEE000DD54AA /* OpenGLTriangle */,
				B964EB7E26B6CEE000DD54AA /* Products */,
				B964EB8726B6CF0C00DD54AA /* Frameworks */,
			);
			sourceTree = "<group>";
		};
		B964EB7E26B6CEE000DD54AA /* Products */ = {
			isa = PBXGroup;
			children = (
				B964EB7D26B6CEE000DD54AA /* OpenGLTriangle */,
			);
			name = Products;
			sourceTree = "<group>";
		};
		B964EB7F26B6CEE000DD54AA /* OpenGLTriangle */ = {
			isa = PBXGroup;
			children = (
				B938256026E3B8D40013F111 /* Shaders */,
				B98581DA2775B253004B0783 /* stb_image.h */,
				B9F4EAE727795F38005B4630 /* Light.h */,
				B9F4EAE527795F2F005B4630 /* Light.cpp */,
				B964EB9126B6CF9A00DD54AA /* main.cpp */,
				B938255A26E337710013F111 /* Mesh.cpp */,
				B938255C26E3377C0013F111 /* Mesh.h */,
				B938255D26E3B0AF0013F111 /* Shader.cpp */,
				B938255F26E3B1B80013F111 /* Shader.h */,
				B938256326E3BE850013F111 /* Window.cpp */,
				B938256526E3BE940013F111 /* Window.h */,
				B98581D22774187D004B0783 /* Camera.cpp */,
				B98581D927741BB4004B0783 /* Camera.h */,
				B98581DD2775B2C4004B0783 /* Texture.h */,
				B98581DB2775B2B6004B0783 /* Texture.cpp */,
			);
			path = OpenGLTriangle;
			sourceTree = "<group>";
		};
		B964EB8726B6CF0C00DD54AA /* Frameworks */ = {
			isa = PBXGroup;
			children = (
				B964EB8C26B6CF1F00DD54AA /* libglfw.3.3.dylib */,
				B9CB713F2773193500DFD0D0 /* libglfw.3.3.dylib */,
				B964EB8A26B6CF1200DD54AA /* OpenGL.framework */,
				B964EB8826B6CF0C00DD54AA /* libGLEW.2.2.0.dylib */,
			);
			name = Frameworks;
			sourceTree = "<group>";
		};
/* End PBXGroup section */

/* Begin PBXNativeTarget section */
		B964EB7C26B6CEE000DD54AA /* OpenGLTriangle */ = {
			isa = PBXNativeTarget;
			buildConfigurationList = B964EB8426B6CEE000DD54AA /* Build configuration list for PBXNativeTarget "OpenGLTriangle" */;
			buildPhases = (
				B964EB7926B6CEE000DD54AA /* Sources */,
				B964EB7A26B6CEE000DD54AA /* Frameworks */,
				B964EB7B26B6CEE000DD54AA /* CopyFiles */,
			);
			buildRules = (
			);
			dependencies = (
			);
			name = OpenGLTriangle;
			productName = OpenGLTriangle;
			productReference = B964EB7D26B6CEE000DD54AA /* OpenGLTriangle */;
			productType = "com.apple.product-type.tool";
		};
/* End PBXNativeTarget section */

/* Begin PBXProject section */
		B964EB7526B6CEE000DD54AA /* Project object */ = {
			isa = PBXProject;
			attributes = {
				LastUpgradeCheck = 1250;
				TargetAttributes = {
					B964EB7C26B6CEE000DD54AA = {
						CreatedOnToolsVersion = 12.5.1;
					};
				};
			};
			buildConfigurationList = B964EB7826B6CEE000DD54AA /* Build configuration list for PBXProject "OpenGLTriangle" */;
			compatibilityVersion = "Xcode 9.3";
			developmentRegion = en;
			hasScannedForEncodings = 0;
			knownRegions = (
				en,
				Base,
			);
			mainGroup = B964EB7426B6CEE000DD54AA;
			productRefGroup = B964EB7E26B6CEE000DD54AA /* Products */;
			projectDirPath = "";
			projectRoot = "";
			targets = (
				B964EB7C26B6CEE000DD54AA /* OpenGLTriangle */,
			);
		};
/* End PBXProject section */

/* Begin PBXSourcesBuildPhase section */
		B964EB7926B6CEE000DD54AA /* Sources */ = {
			isa = PBXSourcesBuildPhase;
			buildActionMask = 2147483647;
			files = (
				B9F4EAE627795F2F005B4630 /* Light.cpp in Sources */,
				B938255B26E337710013F111 /* Mesh.cpp in Sources */,
				B938255E26E3B0AF0013F111 /* Shader.cpp in Sources */,
				B98581D42774187D004B0783 /* Camera.cpp in Sources */,
				B98581DC2775B2B6004B0783 /* Texture.cpp in Sources */,
				B964EB9326B6CF9A00DD54AA /* main.cpp in Sources */,
				B938256426E3BE850013F111 /* Window.cpp in Sources */,
			);
			runOnlyForDeploymentPostprocessing = 0;
		};
/* End PBXSourcesBuildPhase section */

/* Begin XCBuildConfiguration section */
		B964EB8226B6CEE000DD54AA /* Debug */ = {
			isa = XCBuildConfiguration;
			buildSettings = {
				ALWAYS_SEARCH_USER_PATHS = NO;
				CLANG_ANALYZER_NONNULL = YES;
				CLANG_ANALYZER_NUMBER_OBJECT_CONVERSION = YES_AGGRESSIVE;
				CLANG_CXX_LANGUAGE_STANDARD = "gnu++14";
				CLANG_CXX_LIBRARY = "libc++";
				CLANG_ENABLE_MODULES = YES;
				CLANG_ENABLE_OBJC_ARC = YES;
				CLANG_ENABLE_OBJC_WEAK = YES;
				CLANG_WARN_BLOCK_CAPTURE_AUTORELEASING = YES;
				CLANG_WARN_BOOL_CONVERSION = YES;
				CLANG_WARN_COMMA = YES;
				CLANG_WARN_CONSTANT_CONVERSION = YES;
				CLANG_WARN_DEPRECATED_OBJC_IMPLEMENTATIONS = YES;
				CLANG_WARN_DIRECT_OBJC_ISA_USAGE = YES_ERROR;
				CLANG_WARN_DOCUMENTATION_COMMENTS = YES;
				CLANG_WARN_EMPTY_BODY = YES;
				CLANG_WARN_ENUM_CONVERSION = YES;
				CLANG_WARN_INFINITE_RECURSION = YES;
				CLANG_WARN_INT_CONVERSION = YES;
				CLANG_WARN_NON_LITERAL_NULL_CONVERSION = YES;
				CLANG_WARN_OBJC_IMPLICIT_RETAIN_SELF = YES;
				CLANG_WARN_OBJC_LITERAL_CONVERSION = YES;
				CLANG_WARN_OBJC_ROOT_CLASS = YES_ERROR;
				CLANG_WARN_QUOTED_INCLUDE_IN_FRAMEWORK_HEADER = YES;
				CLANG_WARN_RANGE_LOOP_ANALYSIS = YES;
				CLANG_WARN_STRICT_PROTOTYPES = YES;
				CLANG_WARN_SUSPICIOUS_MOVE = YES;
				CLANG_WARN_UNGUARDED_AVAILABILITY = YES_AGGRESSIVE;
				CLANG_WARN_UNREACHABLE_CODE = YES;
				CLANG_WARN__DUPLICATE_METHOD_MATCH = YES;
				COPY_PHASE_STRIP = NO;
				DEBUG_INFORMATION_FORMAT = dwarf;
				ENABLE_STRICT_OBJC_MSGSEND = YES;
				ENABLE_TESTABILITY = YES;
				GCC_C_LANGUAGE_STANDARD = gnu11;
				GCC_DYNAMIC_NO_PIC = NO;
				GCC_NO_COMMON_BLOCKS = YES;
				GCC_OPTIMIZATION_LEVEL = 0;
				GCC_PREPROCESSOR_DEFINITIONS = (
					"DEBUG=1",
					"$(inherited)",
				);
				GCC_WARN_64_TO_32_BIT_CONVERSION = YES;
				GCC_WARN_ABOUT_RETURN_TYPE = YES_ERROR;
				GCC_WARN_UNDECLARED_SELECTOR = YES;
				GCC_WARN_UNINITIALIZED_AUTOS = YES_AGGRESSIVE;
				GCC_WARN_UNUSED_FUNCTION = YES;
				GCC_WARN_UNUSED_VARIABLE = YES;
				HEADER_SEARCH_PATHS = "";
				MACOSX_DEPLOYMENT_TARGET = 11.3;
				MTL_ENABLE_DEBUG_INFO = INCLUDE_SOURCE;
				MTL_FAST_MATH = YES;
				ONLY_ACTIVE_ARCH = YES;
				SDKROOT = macosx;
			};
			name = Debug;
		};
		B964EB8326B6CEE000DD54AA /* Release */ = {
			isa = XCBuildConfiguration;
			buildSettings = {
				ALWAYS_SEARCH_USER_PATHS = NO;
				CLANG_ANALYZER_NONNULL = YES;
				CLANG_ANALYZER_NUMBER_OBJECT_CONVERSION = YES_AGGRESSIVE;
				CLANG_CXX_LANGUAGE_STANDARD = "gnu++14";
				CLANG_CXX_LIBRARY = "libc++";
				CLANG_ENABLE_MODULES = YES;
				CLANG_ENABLE_OBJC_ARC = YES;
				CLANG_ENABLE_OBJC_WEAK = YES;
				CLANG_WARN_BLOCK_CAPTURE_AUTORELEASING = YES;
				CLANG_WARN_BOOL_CONVERSION = YES;
				CLANG_WARN_COMMA = YES;
				CLANG_WARN_CONSTANT_CONVERSION = YES;
				CLANG_WARN_DEPRECATED_OBJC_IMPLEMENTATIONS = YES;
				CLANG_WARN_DIRECT_OBJC_ISA_USAGE = YES_ERROR;
				CLANG_WARN_DOCUMENTATION_COMMENTS = YES;
				CLANG_WARN_EMPTY_BODY = YES;
				CLANG_WARN_ENUM_CONVERSION = YES;
				CLANG_WARN_INFINITE_RECURSION = YES;
				CLANG_WARN_INT_CONVERSION = YES;
				CLANG_WARN_NON_LITERAL_NULL_CONVERSION = YES;
				CLANG_WARN_OBJC_IMPLICIT_RETAIN_SELF = YES;
				CLANG_WARN_OBJC_LITERAL_CONVERSION = YES;
				CLANG_WARN_OBJC_ROOT_CLASS = YES_ERROR;
				CLANG_WARN_QUOTED_INCLUDE_IN_FRAMEWORK_HEADER = YES;
				CLANG_WARN_RANGE_LOOP_ANALYSIS = YES;
				CLANG_WARN_STRICT_PROTOTYPES = YES;
				CLANG_WARN_SUSPICIOUS_MOVE = YES;
				CLANG_WARN_UNGUARDED_AVAILABILITY = YES_AGGRESSIVE;
				CLANG_WARN_UNREACHABLE_CODE = YES;
				CLANG_WARN__DUPLICATE_METHOD_MATCH = YES;
				COPY_PHASE_STRIP = NO;
				DEBUG_INFORMATION_FORMAT = "dwarf-with-dsym";
				ENABLE_NS_ASSERTIONS = NO;
				ENABLE_STRICT_OBJC_MSGSEND = YES;
				GCC_C_LANGUAGE_STANDARD = gnu11;
				GCC_NO_COMMON_BLOCKS = YES;
				GCC_WARN_64_TO_32_BIT_CONVERSION = YES;
				GCC_WARN_ABOUT_RETURN_TYPE = YES_ERROR;
				GCC_WARN_UNDECLARED_SELECTOR = YES;
				GCC_WARN_UNINITIALIZED_AUTOS = YES_AGGRESSIVE;
				GCC_WARN_UNUSED_FUNCTION = YES;
				GCC_WARN_UNUSED_VARIABLE = YES;
				HEADER_SEARCH_PATHS = "";
				MACOSX_DEPLOYMENT_TARGET = 11.3;
				MTL_ENABLE_DEBUG_INFO = NO;
				MTL_FAST_MATH = YES;
				SDKROOT = macosx;
			};
			name = Release;
		};
		B964EB8526B6CEE000DD54AA /* Debug */ = {
			isa = XCBuildConfiguration;
			buildSettings = {
				CODE_SIGN_IDENTITY = "";
				CODE_SIGN_STYLE = Automatic;
				DEVELOPMENT_TEAM = 3576282933;
				ENABLE_HARDENED_RUNTIME = YES;
				LIBRARY_SEARCH_PATHS = (
					"$(inherited)",
					/opt/homebrew/Cellar/glew/2.2.0_1/lib,
					/opt/homebrew/Cellar/glfw/3.3.4/lib,
					/opt/homebrew/Cellar/glfw/3.3.6/lib,
				);
				PRODUCT_NAME = "$(TARGET_NAME)";
			};
			name = Debug;
		};
		B964EB8626B6CEE000DD54AA /* Release */ = {
			isa = XCBuildConfiguration;
			buildSettings = {
				CODE_SIGN_IDENTITY = "";
				CODE_SIGN_STYLE = Automatic;
				DEVELOPMENT_TEAM = 3576282933;
				ENABLE_HARDENED_RUNTIME = YES;
				LIBRARY_SEARCH_PATHS = (
					"$(inherited)",
					/opt/homebrew/Cellar/glew/2.2.0_1/lib,
					/opt/homebrew/Cellar/glfw/3.3.4/lib,
					/opt/homebrew/Cellar/glfw/3.3.6/lib,
				);
				PRODUCT_NAME = "$(TARGET_NAME)";
			};
			name = Release;
		};
/* End XCBuildConfiguration section */

/* Begin XCConfigurationList section */
		B964EB7826B6CEE000DD54AA /* Build configuration list for PBXProject "OpenGLTriangle" */ = {
			isa = XCConfigurationList;
			buildConfigurations = (
				B964EB8226B6CEE000DD54AA /* Debug */,
				B964EB8326B6CEE000DD54AA /* Release */,
			);
			defaultConfigurationIsVisible = 0;
			defaultConfigurationName = Release;
		};
		B964EB8426B6CEE000DD54AA /* Build configuration list for PBXNativeTarget "OpenGLTriangle" */ = {
			isa = XCConfigurationList;
			buildConfigurations = (
				B964EB8526B6CEE000DD54AA /* Debug */,
				B964EB8626B6CEE000DD54AA /* Release */,
			);
			defaultConfigurationIsVisible = 0;
			defaultConfigurationName = Release;
		};
/* End XCConfigurationList section */
	};
	rootObject = B964EB7526B6CEE000DD54AA /* Project object */;
}
